schema: '2.0'
stages:
  prepare_data:
    cmd: python src/data_preparation.py
    deps:
    - path: data/Dataset.xlsx
      hash: md5
      md5: 9f572dc4039fcbf503d23dc6d63074c4
      size: 354405
    - path: src/data_preparation.py
      hash: md5
      md5: babcdcc394fb43b720516d3646c01f28
      size: 2396
    outs:
    - path: data/cleaned/housing_claimants_clean.csv
      hash: md5
      md5: a9b851ab742ccc085681b1d8984a6584
      size: 21493
    - path: data/cleaned/housing_spend_clean.csv
      hash: md5
      md5: 798a488bff7fa5f7cf3d73116881811d
      size: 176568
    - path: data/cleaned/imd_data_clean.csv
      hash: md5
      md5: b4c81cae71be8fd046dac9a4e73d1afb
      size: 10781
    - path: data/cleaned/population_estimates_clean.csv
      hash: md5
      md5: 0259d72925c4f1efeebec0bf602c6f84
      size: 49525
