schema: '2.0'
stages:
  prepare_data:
    cmd: python src/data_preparation.py
    deps:
    - path: data/Dataset.xlsx
      hash: md5
      md5: 9f572dc4039fcbf503d23dc6d63074c4
      size: 354405
    - path: src/data_preparation.py
      hash: md5
      md5: e0ed6119390ab58442a5a9ddc0de8479
      size: 3262
    outs:
    - path: data/cleaned/housing_claimants_clean.csv
      hash: md5
      md5: a9b851ab742ccc085681b1d8984a6584
      size: 21493
    - path: data/cleaned/housing_spend_clean.csv
      hash: md5
      md5: b3bb4b36ae94fdcca4102d559c57c1b6
      size: 181818
    - path: data/cleaned/imd_data_clean.csv
      hash: md5
      md5: b4c81cae71be8fd046dac9a4e73d1afb
      size: 10781
    - path: data/cleaned/population_estimates_clean.csv
      hash: md5
      md5: 0259d72925c4f1efeebec0bf602c6f84
      size: 49525
  integrate_data:
    cmd: python src/data_integration.py
    deps:
    - path: data/cleaned/housing_claimants_clean.csv
      hash: md5
      md5: a9b851ab742ccc085681b1d8984a6584
      size: 21493
    - path: data/cleaned/housing_spend_clean.csv
      hash: md5
      md5: b3bb4b36ae94fdcca4102d559c57c1b6
      size: 181818
    - path: data/cleaned/imd_data_clean.csv
      hash: md5
      md5: b4c81cae71be8fd046dac9a4e73d1afb
      size: 10781
    - path: data/cleaned/population_estimates_clean.csv
      hash: md5
      md5: 0259d72925c4f1efeebec0bf602c6f84
      size: 49525
    - path: src/data_integration.py
      hash: md5
      md5: c9a42250206e9e38e55739e576ebfd3c
      size: 4233
    outs:
    - path: data/merged/merged_data.csv
      hash: md5
      md5: a2cb30afe11403dc3e9325fa7a4439b5
      size: 236789
  explore_data:
    cmd: python src/exploratory_analysis.py
    deps:
    - path: data/merged/merged_data.csv
      hash: md5
      md5: a2cb30afe11403dc3e9325fa7a4439b5
      size: 236789
    - path: src/exploratory_analysis.py
      hash: md5
      md5: f3d54fa9d32cd3a8cf89f00e8154af0a
      size: 3690
    outs:
    - path: data/explore/quality_summary.csv
      hash: md5
      md5: 0d6289c2667880a85b43626e250064fe
      size: 15577
    - path: data/explore/usable_columns.csv
      hash: md5
      md5: 0059dbe5a70e2766569b2572c67512fd
      size: 14714
  model_selection:
    cmd: python src/model_selection.py
    deps:
    - path: data/merged/merged_data.csv
      hash: md5
      md5: a2cb30afe11403dc3e9325fa7a4439b5
      size: 236789
    - path: src/model_selection.py
      hash: md5
      md5: 6cb82f951f85a017d7a126f59e977689
      size: 4817
    params:
      params.yaml:
        model_selection.n_clusters: 5
    outs:
    - path: data/model/clustered_data.csv
      hash: md5
      md5: 5b5564d4e3bd6eea3b5c187fb3f85216
      size: 35702
    - path: data/model/final_selection.csv
      hash: md5
      md5: 3590435d64f24e8c8178c763c11526af
      size: 1099
  results:
    cmd: python src/results.py
    deps:
    - path: data/model/clustered_data.csv
      hash: md5
      md5: 5b5564d4e3bd6eea3b5c187fb3f85216
      size: 35702
    - path: data/model/final_selection.csv
      hash: md5
      md5: 3590435d64f24e8c8178c763c11526af
      size: 1099
    - path: src/results.py
      hash: md5
      md5: 0dca53e160353d218f1f0db3295cf016
      size: 2613
    outs:
    - path: data/results/briefing.xlsx
      hash: md5
      md5: 975479f16037afb43587356a6f91e9be
      size: 7173
    - path: plots/bar_avg_imd.png
      hash: md5
      md5: 11745b4561a7dac1056c74bd80360d8a
      size: 15453
    - path: plots/cluster_scatter.png
      hash: md5
      md5: 2549a990b0220954619af5dc7f049573
      size: 53885
    - path: plots/spend_by_cluster.png
      hash: md5
      md5: 72b4ae457b44c681e0153f2cd7a6baf7
      size: 19862
    - path: plots/spend_quartiles_by_cluster.png
      hash: md5
      md5: 70118a39d7dbef0704255e0178bdb791
      size: 19587
